// !$*UTF8*$!
{
	archiveVersion = 1;
	classes = {
	};
	objectVersion = 50;
	objects = {

/* Begin PBXBuildFile section */
		74423327236693B0002E51A3 /* AppDelegate.swift in Sources */ = {isa = PBXBuildFile; fileRef = 74423326236693B0002E51A3 /* AppDelegate.swift */; };
		74423329236693B0002E51A3 /* ContentView.swift in Sources */ = {isa = PBXBuildFile; fileRef = 74423328236693B0002E51A3 /* ContentView.swift */; };
		7442332B236693B1002E51A3 /* Assets.xcassets in Resources */ = {isa = PBXBuildFile; fileRef = 7442332A236693B1002E51A3 /* Assets.xcassets */; };
		7442332E236693B1002E51A3 /* Preview Assets.xcassets in Resources */ = {isa = PBXBuildFile; fileRef = 7442332D236693B1002E51A3 /* Preview Assets.xcassets */; };
		74423331236693B1002E51A3 /* Main.storyboard in Resources */ = {isa = PBXBuildFile; fileRef = 7442332F236693B1002E51A3 /* Main.storyboard */; };
		748B47C123693C3D00890693 /* start.txt in Resources */ = {isa = PBXBuildFile; fileRef = 748B47C023693C3D00890693 /* start.txt */; };
		748B47C323693C4500890693 /* words.txt in Resources */ = {isa = PBXBuildFile; fileRef = 748B47C223693C4500890693 /* words.txt */; };
		748B47C523693E6100890693 /* Letter.swift in Sources */ = {isa = PBXBuildFile; fileRef = 748B47C423693E6100890693 /* Letter.swift */; };
		748B47C72369405A00890693 /* Bundle+WordLoading.swift in Sources */ = {isa = PBXBuildFile; fileRef = 748B47C62369405A00890693 /* Bundle+WordLoading.swift */; };
		74AB067F236D26A40004020D /* ShuffleTray.swift in Sources */ = {isa = PBXBuildFile; fileRef = 74AB067E236D26A40004020D /* ShuffleTray.swift */; };
		74DC5408236D1544008A1FC1 /* GameNumber.swift in Sources */ = {isa = PBXBuildFile; fileRef = 74DC5407236D1544008A1FC1 /* GameNumber.swift */; };
		74DC540A236D1896008A1FC1 /* ResetButton.swift in Sources */ = {isa = PBXBuildFile; fileRef = 74DC5409236D1896008A1FC1 /* ResetButton.swift */; };
/* End PBXBuildFile section */

/* Begin PBXFileReference section */
		74423323236693B0002E51A3 /* Switcharoo { Paul Hudson }.app */ = {isa = PBXFileReference; explicitFileType = wrapper.application; includeInIndex = 0; path = "Switcharoo { Paul Hudson }.app"; sourceTree = BUILT_PRODUCTS_DIR; };
		74423326236693B0002E51A3 /* AppDelegate.swift */ = {isa = PBXFileReference; lastKnownFileType = sourcecode.swift; path = AppDelegate.swift; sourceTree = "<group>"; };
		74423328236693B0002E51A3 /* ContentView.swift */ = {isa = PBXFileReference; lastKnownFileType = sourcecode.swift; path = ContentView.swift; sourceTree = "<group>"; };
		7442332A236693B1002E51A3 /* Assets.xcassets */ = {isa = PBXFileReference; lastKnownFileType = folder.assetcatalog; path = Assets.xcassets; sourceTree = "<group>"; };
		7442332D236693B1002E51A3 /* Preview Assets.xcassets */ = {isa = PBXFileReference; lastKnownFileType = folder.assetcatalog; path = "Preview Assets.xcassets"; sourceTree = "<group>"; };
		74423330236693B1002E51A3 /* Base */ = {isa = PBXFileReference; lastKnownFileType = file.storyboard; name = Base; path = Base.lproj/Main.storyboard; sourceTree = "<group>"; };
		74423332236693B1002E51A3 /* Info.plist */ = {isa = PBXFileReference; lastKnownFileType = text.plist.xml; path = Info.plist; sourceTree = "<group>"; };
		74423333236693B1002E51A3 /* Switcharoo___Paul_Hudson__.entitlements */ = {isa = PBXFileReference; lastKnownFileType = text.plist.entitlements; path = "Switcharoo___Paul_Hudson__.entitlements"; sourceTree = "<group>"; };
		748B47C023693C3D00890693 /* start.txt */ = {isa = PBXFileReference; fileEncoding = 4; lastKnownFileType = text; path = start.txt; sourceTree = "<group>"; };
		748B47C223693C4500890693 /* words.txt */ = {isa = PBXFileReference; fileEncoding = 4; lastKnownFileType = text; path = words.txt; sourceTree = "<group>"; };
		748B47C423693E6100890693 /* Letter.swift */ = {isa = PBXFileReference; lastKnownFileType = sourcecode.swift; path = Letter.swift; sourceTree = "<group>"; };
		748B47C62369405A00890693 /* Bundle+WordLoading.swift */ = {isa = PBXFileReference; lastKnownFileType = sourcecode.swift; path = "Bundle+WordLoading.swift"; sourceTree = "<group>"; };
		74AB067E236D26A40004020D /* ShuffleTray.swift */ = {isa = PBXFileReference; lastKnownFileType = sourcecode.swift; path = ShuffleTray.swift; sourceTree = "<group>"; };
		74DC5407236D1544008A1FC1 /* GameNumber.swift */ = {isa = PBXFileReference; lastKnownFileType = sourcecode.swift; path = GameNumber.swift; sourceTree = "<group>"; };
		74DC5409236D1896008A1FC1 /* ResetButton.swift */ = {isa = PBXFileReference; lastKnownFileType = sourcecode.swift; path = ResetButton.swift; sourceTree = "<group>"; };
/* End PBXFileReference section */

/* Begin PBXFrameworksBuildPhase section */
		74423320236693B0002E51A3 /* Frameworks */ = {
			isa = PBXFrameworksBuildPhase;
			buildActionMask = 2147483647;
			files = (
			);
			runOnlyForDeploymentPostprocessing = 0;
		};
/* End PBXFrameworksBuildPhase section */

/* Begin PBXGroup section */
		7442331A236693B0002E51A3 = {
			isa = PBXGroup;
			children = (
				74423325236693B0002E51A3 /* Switcharoo { Paul Hudson } */,
				74423324236693B0002E51A3 /* Products */,
			);
			sourceTree = "<group>";
		};
		74423324236693B0002E51A3 /* Products */ = {
			isa = PBXGroup;
			children = (
				74423323236693B0002E51A3 /* Switcharoo { Paul Hudson }.app */,
			);
			name = Products;
			sourceTree = "<group>";
		};
		74423325236693B0002E51A3 /* Switcharoo { Paul Hudson } */ = {
			isa = PBXGroup;
			children = (
				74423326236693B0002E51A3 /* AppDelegate.swift */,
				748B47C62369405A00890693 /* Bundle+WordLoading.swift */,
				748B47C423693E6100890693 /* Letter.swift */,
				74DC5407236D1544008A1FC1 /* GameNumber.swift */,
				74423328236693B0002E51A3 /* ContentView.swift */,
				74AB067E236D26A40004020D /* ShuffleTray.swift */,
				74DC5409236D1896008A1FC1 /* ResetButton.swift */,
				7442332A236693B1002E51A3 /* Assets.xcassets */,
				7442332F236693B1002E51A3 /* Main.storyboard */,
				748B47C023693C3D00890693 /* start.txt */,
				748B47C223693C4500890693 /* words.txt */,
				74423332236693B1002E51A3 /* Info.plist */,
				74423333236693B1002E51A3 /* Switcharoo___Paul_Hudson__.entitlements */,
				7442332C236693B1002E51A3 /* Preview Content */,
			);
			path = "Switcharoo { Paul Hudson }";
			sourceTree = "<group>";
		};
		7442332C236693B1002E51A3 /* Preview Content */ = {
			isa = PBXGroup;
			children = (
				7442332D236693B1002E51A3 /* Preview Assets.xcassets */,
			);
			path = "Preview Content";
			sourceTree = "<group>";
		};
/* End PBXGroup section */

/* Begin PBXNativeTarget section */
		74423322236693B0002E51A3 /* Switcharoo { Paul Hudson } */ = {
			isa = PBXNativeTarget;
			buildConfigurationList = 74423336236693B1002E51A3 /* Build configuration list for PBXNativeTarget "Switcharoo { Paul Hudson }" */;
			buildPhases = (
				7442331F236693B0002E51A3 /* Sources */,
				74423320236693B0002E51A3 /* Frameworks */,
				74423321236693B0002E51A3 /* Resources */,
			);
			buildRules = (
			);
			dependencies = (
			);
			name = "Switcharoo { Paul Hudson }";
			productName = "Switcharoo { Paul Hudson }";
			productReference = 74423323236693B0002E51A3 /* Switcharoo { Paul Hudson }.app */;
			productType = "com.apple.product-type.application";
		};
/* End PBXNativeTarget section */

/* Begin PBXProject section */
		7442331B236693B0002E51A3 /* Project object */ = {
			isa = PBXProject;
			attributes = {
				LastSwiftUpdateCheck = 1120;
				LastUpgradeCheck = 1120;
				ORGANIZATIONNAME = "Dmitry Novosyolov";
				TargetAttributes = {
					74423322236693B0002E51A3 = {
						CreatedOnToolsVersion = 11.2;
					};
				};
			};
			buildConfigurationList = 7442331E236693B0002E51A3 /* Build configuration list for PBXProject "Switcharoo { Paul Hudson }" */;
			compatibilityVersion = "Xcode 9.3";
			developmentRegion = en;
			hasScannedForEncodings = 0;
			knownRegions = (
				en,
				Base,
			);
			mainGroup = 7442331A236693B0002E51A3;
			productRefGroup = 74423324236693B0002E51A3 /* Products */;
			projectDirPath = "";
			projectRoot = "";
			targets = (
				74423322236693B0002E51A3 /* Switcharoo { Paul Hudson } */,
			);
		};
/* End PBXProject section */

/* Begin PBXResourcesBuildPhase section */
		74423321236693B0002E51A3 /* Resources */ = {
			isa = PBXResourcesBuildPhase;
			buildActionMask = 2147483647;
			files = (
				74423331236693B1002E51A3 /* Main.storyboard in Resources */,
				748B47C123693C3D00890693 /* start.txt in Resources */,
				7442332E236693B1002E51A3 /* Preview Assets.xcassets in Resources */,
				748B47C323693C4500890693 /* words.txt in Resources */,
				7442332B236693B1002E51A3 /* Assets.xcassets in Resources */,
			);
			runOnlyForDeploymentPostprocessing = 0;
		};
/* End PBXResourcesBuildPhase section */

/* Begin PBXSourcesBuildPhase section */
		7442331F236693B0002E51A3 /* Sources */ = {
			isa = PBXSourcesBuildPhase;
			buildActionMask = 2147483647;
			files = (
				748B47C523693E6100890693 /* Letter.swift in Sources */,
				74AB067F236D26A40004020D /* ShuffleTray.swift in Sources */,
				74DC540A236D1896008A1FC1 /* ResetButton.swift in Sources */,
				74423329236693B0002E51A3 /* ContentView.swift in Sources */,
				748B47C72369405A00890693 /* Bundle+WordLoading.swift in Sources */,
				74DC5408236D1544008A1FC1 /* GameNumber.swift in Sources */,
				74423327236693B0002E51A3 /* AppDelegate.swift in Sources */,
			);
			runOnlyForDeploymentPostprocessing = 0;
		};
/* End PBXSourcesBuildPhase section */

/* Begin PBXVariantGroup section */
		7442332F236693B1002E51A3 /* Main.storyboard */ = {
			isa = PBXVariantGroup;
			children = (
				74423330236693B1002E51A3 /* Base */,
			);
			name = Main.storyboard;
			sourceTree = "<group>";
		};
/* End PBXVariantGroup section */

/* Begin XCBuildConfiguration section */
		74423334236693B1002E51A3 /* Debug */ = {
			isa = XCBuildConfiguration;
			buildSettings = {
				ALWAYS_SEARCH_USER_PATHS = NO;
				CLANG_ANALYZER_NONNULL = YES;
				CLANG_ANALYZER_NUMBER_OBJECT_CONVERSION = YES_AGGRESSIVE;
				CLANG_CXX_LANGUAGE_STANDARD = "gnu++14";
				CLANG_CXX_LIBRARY = "libc++";
				CLANG_ENABLE_MODULES = YES;
				CLANG_ENABLE_OBJC_ARC = YES;
				CLANG_ENABLE_OBJC_WEAK = YES;
				CLANG_WARN_BLOCK_CAPTURE_AUTORELEASING = YES;
				CLANG_WARN_BOOL_CONVERSION = YES;
				CLANG_WARN_COMMA = YES;
				CLANG_WARN_CONSTANT_CONVERSION = YES;
				CLANG_WARN_DEPRECATED_OBJC_IMPLEMENTATIONS = YES;
				CLANG_WARN_DIRECT_OBJC_ISA_USAGE = YES_ERROR;
				CLANG_WARN_DOCUMENTATION_COMMENTS = YES;
				CLANG_WARN_EMPTY_BODY = YES;
				CLANG_WARN_ENUM_CONVERSION = YES;
				CLANG_WARN_INFINITE_RECURSION = YES;
				CLANG_WARN_INT_CONVERSION = YES;
				CLANG_WARN_NON_LITERAL_NULL_CONVERSION = YES;
				CLANG_WARN_OBJC_IMPLICIT_RETAIN_SELF = YES;
				CLANG_WARN_OBJC_LITERAL_CONVERSION = YES;
				CLANG_WARN_OBJC_ROOT_CLASS = YES_ERROR;
				CLANG_WARN_RANGE_LOOP_ANALYSIS = YES;
				CLANG_WARN_STRICT_PROTOTYPES = YES;
				CLANG_WARN_SUSPICIOUS_MOVE = YES;
				CLANG_WARN_UNGUARDED_AVAILABILITY = YES_AGGRESSIVE;
				CLANG_WARN_UNREACHABLE_CODE = YES;
				CLANG_WARN__DUPLICATE_METHOD_MATCH = YES;
				COPY_PHASE_STRIP = NO;
				DEBUG_INFORMATION_FORMAT = dwarf;
				ENABLE_STRICT_OBJC_MSGSEND = YES;
				ENABLE_TESTABILITY = YES;
				GCC_C_LANGUAGE_STANDARD = gnu11;
				GCC_DYNAMIC_NO_PIC = NO;
				GCC_NO_COMMON_BLOCKS = YES;
				GCC_OPTIMIZATION_LEVEL = 0;
				GCC_PREPROCESSOR_DEFINITIONS = (
					"DEBUG=1",
					"$(inherited)",
				);
				GCC_WARN_64_TO_32_BIT_CONVERSION = YES;
				GCC_WARN_ABOUT_RETURN_TYPE = YES_ERROR;
				GCC_WARN_UNDECLARED_SELECTOR = YES;
				GCC_WARN_UNINITIALIZED_AUTOS = YES_AGGRESSIVE;
				GCC_WARN_UNUSED_FUNCTION = YES;
				GCC_WARN_UNUSED_VARIABLE = YES;
				MACOSX_DEPLOYMENT_TARGET = 10.15;
				MTL_ENABLE_DEBUG_INFO = INCLUDE_SOURCE;
				MTL_FAST_MATH = YES;
				ONLY_ACTIVE_ARCH = YES;
				SDKROOT = macosx;
				SWIFT_ACTIVE_COMPILATION_CONDITIONS = DEBUG;
				SWIFT_OPTIMIZATION_LEVEL = "-Onone";
			};
			name = Debug;
		};
		74423335236693B1002E51A3 /* Release */ = {
			isa = XCBuildConfiguration;
			buildSettings = {
				ALWAYS_SEARCH_USER_PATHS = NO;
				CLANG_ANALYZER_NONNULL = YES;
				CLANG_ANALYZER_NUMBER_OBJECT_CONVERSION = YES_AGGRESSIVE;
				CLANG_CXX_LANGUAGE_STANDARD = "gnu++14";
				CLANG_CXX_LIBRARY = "libc++";
				CLANG_ENABLE_MODULES = YES;
				CLANG_ENABLE_OBJC_ARC = YES;
				CLANG_ENABLE_OBJC_WEAK = YES;
				CLANG_WARN_BLOCK_CAPTURE_AUTORELEASING = YES;
				CLANG_WARN_BOOL_CONVERSION = YES;
				CLANG_WARN_COMMA = YES;
				CLANG_WARN_CONSTANT_CONVERSION = YES;
				CLANG_WARN_DEPRECATED_OBJC_IMPLEMENTATIONS = YES;
				CLANG_WARN_DIRECT_OBJC_ISA_USAGE = YES_ERROR;
				CLANG_WARN_DOCUMENTATION_COMMENTS = YES;
				CLANG_WARN_EMPTY_BODY = YES;
				CLANG_WARN_ENUM_CONVERSION = YES;
				CLANG_WARN_INFINITE_RECURSION = YES;
				CLANG_WARN_INT_CONVERSION = YES;
				CLANG_WARN_NON_LITERAL_NULL_CONVERSION = YES;
				CLANG_WARN_OBJC_IMPLICIT_RETAIN_SELF = YES;
				CLANG_WARN_OBJC_LITERAL_CONVERSION = YES;
				CLANG_WARN_OBJC_ROOT_CLASS = YES_ERROR;
				CLANG_WARN_RANGE_LOOP_ANALYSIS = YES;
				CLANG_WARN_STRICT_PROTOTYPES = YES;
				CLANG_WARN_SUSPICIOUS_MOVE = YES;
				CLANG_WARN_UNGUARDED_AVAILABILITY = YES_AGGRESSIVE;
				CLANG_WARN_UNREACHABLE_CODE = YES;
				CLANG_WARN__DUPLICATE_METHOD_MATCH = YES;
				COPY_PHASE_STRIP = NO;
				DEBUG_INFORMATION_FORMAT = "dwarf-with-dsym";
				ENABLE_NS_ASSERTIONS = NO;
				ENABLE_STRICT_OBJC_MSGSEND = YES;
				GCC_C_LANGUAGE_STANDARD = gnu11;
				GCC_NO_COMMON_BLOCKS = YES;
				GCC_WARN_64_TO_32_BIT_CONVERSION = YES;
				GCC_WARN_ABOUT_RETURN_TYPE = YES_ERROR;
				GCC_WARN_UNDECLARED_SELECTOR = YES;
				GCC_WARN_UNINITIALIZED_AUTOS = YES_AGGRESSIVE;
				GCC_WARN_UNUSED_FUNCTION = YES;
				GCC_WARN_UNUSED_VARIABLE = YES;
				MACOSX_DEPLOYMENT_TARGET = 10.15;
				MTL_ENABLE_DEBUG_INFO = NO;
				MTL_FAST_MATH = YES;
				SDKROOT = macosx;
				SWIFT_COMPILATION_MODE = wholemodule;
				SWIFT_OPTIMIZATION_LEVEL = "-O";
			};
			name = Release;
		};
		74423337236693B1002E51A3 /* Debug */ = {
			isa = XCBuildConfiguration;
			buildSettings = {
				ASSETCATALOG_COMPILER_APPICON_NAME = AppIcon;
				CODE_SIGN_ENTITLEMENTS = "Switcharoo { Paul Hudson }/Switcharoo___Paul_Hudson__.entitlements";
				CODE_SIGN_STYLE = Automatic;
				COMBINE_HIDPI_IMAGES = YES;
				DEVELOPMENT_ASSET_PATHS = "\"Switcharoo { Paul Hudson }/Preview Content\"";
				DEVELOPMENT_TEAM = 3LF677RTA3;
				ENABLE_HARDENED_RUNTIME = YES;
				ENABLE_PREVIEWS = YES;
				INFOPLIST_FILE = "Switcharoo { Paul Hudson }/Info.plist";
				LD_RUNPATH_SEARCH_PATHS = (
					"$(inherited)",
					"@executable_path/../Frameworks",
				);
				MACOSX_DEPLOYMENT_TARGET = 10.15;
				PRODUCT_BUNDLE_IDENTIFIER = "Dmitry-Novosyolov.Switcharoo---Paul-Hudson--";
				PRODUCT_NAME = "$(TARGET_NAME)";
				SWIFT_VERSION = 5.0;
			};
			name = Debug;
		};
		74423338236693B1002E51A3 /* Release */ = {
			isa = XCBuildConfiguration;
			buildSettings = {
				ASSETCATALOG_COMPILER_APPICON_NAME = AppIcon;
				CODE_SIGN_ENTITLEMENTS = "Switcharoo { Paul Hudson }/Switcharoo___Paul_Hudson__.entitlements";
				CODE_SIGN_STYLE = Automatic;
				COMBINE_HIDPI_IMAGES = YES;
				DEVELOPMENT_ASSET_PATHS = "\"Switcharoo { Paul Hudson }/Preview Content\"";
				DEVELOPMENT_TEAM = 3LF677RTA3;
				ENABLE_HARDENED_RUNTIME = YES;
				ENABLE_PREVIEWS = YES;
				INFOPLIST_FILE = "Switcharoo { Paul Hudson }/Info.plist";
				LD_RUNPATH_SEARCH_PATHS = (
					"$(inherited)",
					"@executable_path/../Frameworks",
				);
				MACOSX_DEPLOYMENT_TARGET = 10.15;
				PRODUCT_BUNDLE_IDENTIFIER = "Dmitry-Novosyolov.Switcharoo---Paul-Hudson--";
				PRODUCT_NAME = "$(TARGET_NAME)";
				SWIFT_VERSION = 5.0;
			};
			name = Release;
		};
/* End XCBuildConfiguration section */

/* Begin XCConfigurationList section */
		7442331E236693B0002E51A3 /* Build configuration list for PBXProject "Switcharoo { Paul Hudson }" */ = {
			isa = XCConfigurationList;
			buildConfigurations = (
				74423334236693B1002E51A3 /* Debug */,
				74423335236693B1002E51A3 /* Release */,
			);
			defaultConfigurationIsVisible = 0;
			defaultConfigurationName = Release;
		};
		74423336236693B1002E51A3 /* Build configuration list for PBXNativeTarget "Switcharoo { Paul Hudson }" */ = {
			isa = XCConfigurationList;
			buildConfigurations = (
				74423337236693B1002E51A3 /* Debug */,
				74423338236693B1002E51A3 /* Release */,
			);
			defaultConfigurationIsVisible = 0;
			defaultConfigurationName = Release;
		};
/* End XCConfigurationList section */
	};
	rootObject = 7442331B236693B0002E51A3 /* Project object */;
}
